
Microsoft Visual Studio Solution File, Format Version 12.00
# Visual Studio Version 17
VisualStudioVersion = 17.1.32421.90
MinimumVisualStudioVersion = 10.0.40219.1
Project("{FAE04EC0-301F-11D3-BF4B-00C04F79EFBC}") = "CosmosGettingStartedTutorial", "CosmosGettingStartedTutorial.csproj", "{4C0E146B-1703-4901-B8A5-A77701DD7F2D}"
EndProject
Global
	GlobalSection(SolutionConfigurationPlatforms) = preSolution
		Debug|Any CPU = Debug|Any CPU
		Release|Any CPU = Release|Any CPU
	EndGlobalSection
	GlobalSection(ProjectConfigurationPlatforms) = postSolution
		{4C0E146B-1703-4901-B8A5-A77701DD7F2D}.Debug|Any CPU.ActiveCfg = Debug|Any CPU
		{4C0E146B-1703-4901-B8A5-A77701DD7F2D}.Debug|Any CPU.Build.0 = Debug|Any CPU
		{4C0E146B-1703-4901-B8A5-A77701DD7F2D}.Release|Any CPU.ActiveCfg = Release|Any CPU
		{4C0E146B-1703-4901-B8A5-A77701DD7F2D}.Release|Any CPU.Build.0 = Release|Any CPU
	EndGlobalSection
	GlobalSection(SolutionProperties) = preSolution
		HideSolutionNode = FALSE
	EndGlobalSection
	GlobalSection(ExtensibilityGlobals) = postSolution
		SolutionGuid = {2F99E9CA-C7D5-4252-BDB7-4A70EB894D40}
	EndGlobalSection
EndGlobal
