
Microsoft Visual Studio Solution File, Format Version 12.00
# Visual Studio Version 17
VisualStudioVersion = 17.1.32210.238
MinimumVisualStudioVersion = 10.0.40219.1
Project("{2150E333-8FDC-42A3-9474-1A3956D46DE8}") = "Lab1-AppServicesDeployment", "Lab1-AppServicesDeployment", "{929941C4-D08B-44DA-BA52-7772908F0920}"
	ProjectSection(SolutionItems) = preProject
		Lab1-AppServicesDeployment\README.md = Lab1-AppServicesDeployment\README.md
	EndProjectSection
EndProject
Project("{2150E333-8FDC-42A3-9474-1A3956D46DE8}") = "Solution Items", "Solution Items", "{CF31B78C-C949-4F3A-B2D6-9B6D7DCE9EA8}"
	ProjectSection(SolutionItems) = preProject
		README.md = README.md
	EndProjectSection
EndProject
Project("{9A19103F-16F7-4668-BE54-9A1E7A4F7556}") = "MyWebApplication", "Lab1-AppServicesDeployment\MyWebApplication\MyWebApplication.csproj", "{AE198DC2-F387-403D-863C-8D8771EA7777}"
EndProject
Project("{2150E333-8FDC-42A3-9474-1A3956D46DE8}") = "Lab2-AzureSQL", "Lab2-AzureSQL", "{57C0724C-157F-4148-B66D-36D346A824C7}"
	ProjectSection(SolutionItems) = preProject
		Lab2-AzureSQL\README.md = Lab2-AzureSQL\README.md
	EndProjectSection
EndProject
Project("{9A19103F-16F7-4668-BE54-9A1E7A4F7556}") = "MyWebApplication", "Lab2-AzureSQL\MyWebApplication\MyWebApplication.csproj", "{AD5DA513-BB55-4C16-B6CB-033A3C8B8570}"
EndProject
Project("{9A19103F-16F7-4668-BE54-9A1E7A4F7556}") = "MyWebJob", "Lab2-AzureSQL\MyWebJob\MyWebJob.csproj", "{FE6343A0-89F6-4E28-AB28-8FD2AC547124}"
EndProject
Project("{2150E333-8FDC-42A3-9474-1A3956D46DE8}") = "Lab3-AzureBlobStorage", "Lab3-AzureBlobStorage", "{F03ABB75-61A3-47AE-AEC9-889DFE4D8334}"
	ProjectSection(SolutionItems) = preProject
		Lab3-AzureBlobStorage\README.md = Lab3-AzureBlobStorage\README.md
	EndProjectSection
EndProject
Project("{9A19103F-16F7-4668-BE54-9A1E7A4F7556}") = "MyWebApplication", "Lab3-AzureBlobStorage\MyWebApplication\MyWebApplication.csproj", "{8EE05341-377E-4839-9726-BBA4FC3F0512}"
EndProject
Project("{9A19103F-16F7-4668-BE54-9A1E7A4F7556}") = "KeyVaultDemo", "Lab6-AzureKeyVault\KeyVaultDemo\KeyVaultDemo.csproj", "{E6B02F02-6E34-401A-B928-AB9EA2C12805}"
EndProject
Project("{2150E333-8FDC-42A3-9474-1A3956D46DE8}") = "Lab6-AzureKeyVault", "Lab6-AzureKeyVault", "{18405AA7-7BF0-462A-8272-C4B541A306EA}"
EndProject
Project("{9A19103F-16F7-4668-BE54-9A1E7A4F7556}") = "MyWebApplication", "Lab6-AzureKeyVault\MyWebApplication\MyWebApplication.csproj", "{4F4721DD-2D80-41A8-B62C-A1E6210C0D85}"
EndProject
Project("{2150E333-8FDC-42A3-9474-1A3956D46DE8}") = "Lab7-Serverless", "Lab7-Serverless", "{C637F02C-4481-46AB-BB38-66CC29EC621A}"
EndProject
Project("{9A19103F-16F7-4668-BE54-9A1E7A4F7556}") = "ZodiacFunction", "Lab7-Serverless\02_AzureFunctions\ZodiacFunction\ZodiacFunction.csproj", "{AB11506B-7BA3-4D04-92D6-E93EFD9452F6}"
EndProject
Project("{9A19103F-16F7-4668-BE54-9A1E7A4F7556}") = "EventHubPublisher", "Lab7-Serverless\01_EventHub\EventHubPublisher\EventHubPublisher.csproj", "{A19B0982-35C1-40BC-8CA0-5B4EE3C7991B}"
EndProject
Project("{9A19103F-16F7-4668-BE54-9A1E7A4F7556}") = "EvetHubConsumer", "Lab7-Serverless\01_EventHub\EvetHubConsumer\EvetHubConsumer.csproj", "{6005A5C5-E7F7-4419-84BA-97DB8A0F7003}"
EndProject
Project("{2150E333-8FDC-42A3-9474-1A3956D46DE8}") = "Lab8-CognitiveServices", "Lab8-CognitiveServices", "{6CD26745-BF56-4616-9B0C-532CAF92FCEE}"
EndProject
Project("{9A19103F-16F7-4668-BE54-9A1E7A4F7556}") = "01_ImageObjectsAnalysis", "Lab8-CognitiveServices\01_ComputerVision\01_ImageObjectsAnalysis\01_ImageObjectsAnalysis.csproj", "{79E0AA48-26B7-43DF-842C-7E95CF6B8961}"
EndProject
Project("{9A19103F-16F7-4668-BE54-9A1E7A4F7556}") = "02_OCR", "Lab8-CognitiveServices\01_ComputerVision\02_OCR\02_OCR.csproj", "{2B3C853B-4DD5-4A91-B77C-E74CD9011318}"
EndProject
Project("{9A19103F-16F7-4668-BE54-9A1E7A4F7556}") = "03_FaceDetection", "Lab8-CognitiveServices\01_ComputerVision\03_FaceDetection\03_FaceDetection.csproj", "{5464C72A-3C66-4E74-B248-A602E7961A55}"
EndProject
Project("{FAE04EC0-301F-11D3-BF4B-00C04F79EFBC}") = "ServiceBus", "Lab7-Serverless\01_ServiceBus\ServiceBus.csproj", "{56282523-2906-F228-E933-DB93FF103F71}"
EndProject
Project("{FAE04EC0-301F-11D3-BF4B-00C04F79EFBC}") = "Chat", "Lab9-OpenAI\Chat\Chat.csproj", "{F8745520-1C68-4582-B924-A2270734C7DF}"
EndProject
Global
	GlobalSection(SolutionConfigurationPlatforms) = preSolution
		Debug|Any CPU = Debug|Any CPU
		Release|Any CPU = Release|Any CPU
	EndGlobalSection
	GlobalSection(ProjectConfigurationPlatforms) = postSolution
		{AE198DC2-F387-403D-863C-8D8771EA7777}.Debug|Any CPU.ActiveCfg = Debug|Any CPU
		{AE198DC2-F387-403D-863C-8D8771EA7777}.Debug|Any CPU.Build.0 = Debug|Any CPU
		{AE198DC2-F387-403D-863C-8D8771EA7777}.Release|Any CPU.ActiveCfg = Release|Any CPU
		{AE198DC2-F387-403D-863C-8D8771EA7777}.Release|Any CPU.Build.0 = Release|Any CPU
		{AD5DA513-BB55-4C16-B6CB-033A3C8B8570}.Debug|Any CPU.ActiveCfg = Debug|Any CPU
		{AD5DA513-BB55-4C16-B6CB-033A3C8B8570}.Debug|Any CPU.Build.0 = Debug|Any CPU
		{AD5DA513-BB55-4C16-B6CB-033A3C8B8570}.Release|Any CPU.ActiveCfg = Release|Any CPU
		{AD5DA513-BB55-4C16-B6CB-033A3C8B8570}.Release|Any CPU.Build.0 = Release|Any CPU
		{FE6343A0-89F6-4E28-AB28-8FD2AC547124}.Debug|Any CPU.ActiveCfg = Debug|Any CPU
		{FE6343A0-89F6-4E28-AB28-8FD2AC547124}.Debug|Any CPU.Build.0 = Debug|Any CPU
		{FE6343A0-89F6-4E28-AB28-8FD2AC547124}.Release|Any CPU.ActiveCfg = Release|Any CPU
		{FE6343A0-89F6-4E28-AB28-8FD2AC547124}.Release|Any CPU.Build.0 = Release|Any CPU
		{8EE05341-377E-4839-9726-BBA4FC3F0512}.Debug|Any CPU.ActiveCfg = Debug|Any CPU
		{8EE05341-377E-4839-9726-BBA4FC3F0512}.Debug|Any CPU.Build.0 = Debug|Any CPU
		{8EE05341-377E-4839-9726-BBA4FC3F0512}.Release|Any CPU.ActiveCfg = Release|Any CPU
		{8EE05341-377E-4839-9726-BBA4FC3F0512}.Release|Any CPU.Build.0 = Release|Any CPU
		{E6B02F02-6E34-401A-B928-AB9EA2C12805}.Debug|Any CPU.ActiveCfg = Debug|Any CPU
		{E6B02F02-6E34-401A-B928-AB9EA2C12805}.Debug|Any CPU.Build.0 = Debug|Any CPU
		{E6B02F02-6E34-401A-B928-AB9EA2C12805}.Release|Any CPU.ActiveCfg = Release|Any CPU
		{E6B02F02-6E34-401A-B928-AB9EA2C12805}.Release|Any CPU.Build.0 = Release|Any CPU
		{4F4721DD-2D80-41A8-B62C-A1E6210C0D85}.Debug|Any CPU.ActiveCfg = Debug|Any CPU
		{4F4721DD-2D80-41A8-B62C-A1E6210C0D85}.Debug|Any CPU.Build.0 = Debug|Any CPU
		{4F4721DD-2D80-41A8-B62C-A1E6210C0D85}.Release|Any CPU.ActiveCfg = Release|Any CPU
		{4F4721DD-2D80-41A8-B62C-A1E6210C0D85}.Release|Any CPU.Build.0 = Release|Any CPU
		{AB11506B-7BA3-4D04-92D6-E93EFD9452F6}.Debug|Any CPU.ActiveCfg = Debug|Any CPU
		{AB11506B-7BA3-4D04-92D6-E93EFD9452F6}.Debug|Any CPU.Build.0 = Debug|Any CPU
		{AB11506B-7BA3-4D04-92D6-E93EFD9452F6}.Release|Any CPU.ActiveCfg = Release|Any CPU
		{AB11506B-7BA3-4D04-92D6-E93EFD9452F6}.Release|Any CPU.Build.0 = Release|Any CPU
		{A19B0982-35C1-40BC-8CA0-5B4EE3C7991B}.Debug|Any CPU.ActiveCfg = Debug|Any CPU
		{A19B0982-35C1-40BC-8CA0-5B4EE3C7991B}.Debug|Any CPU.Build.0 = Debug|Any CPU
		{A19B0982-35C1-40BC-8CA0-5B4EE3C7991B}.Release|Any CPU.ActiveCfg = Release|Any CPU
		{A19B0982-35C1-40BC-8CA0-5B4EE3C7991B}.Release|Any CPU.Build.0 = Release|Any CPU
		{6005A5C5-E7F7-4419-84BA-97DB8A0F7003}.Debug|Any CPU.ActiveCfg = Debug|Any CPU
		{6005A5C5-E7F7-4419-84BA-97DB8A0F7003}.Debug|Any CPU.Build.0 = Debug|Any CPU
		{6005A5C5-E7F7-4419-84BA-97DB8A0F7003}.Release|Any CPU.ActiveCfg = Release|Any CPU
		{6005A5C5-E7F7-4419-84BA-97DB8A0F7003}.Release|Any CPU.Build.0 = Release|Any CPU
		{79E0AA48-26B7-43DF-842C-7E95CF6B8961}.Debug|Any CPU.ActiveCfg = Debug|Any CPU
		{79E0AA48-26B7-43DF-842C-7E95CF6B8961}.Debug|Any CPU.Build.0 = Debug|Any CPU
		{79E0AA48-26B7-43DF-842C-7E95CF6B8961}.Release|Any CPU.ActiveCfg = Release|Any CPU
		{79E0AA48-26B7-43DF-842C-7E95CF6B8961}.Release|Any CPU.Build.0 = Release|Any CPU
		{2B3C853B-4DD5-4A91-B77C-E74CD9011318}.Debug|Any CPU.ActiveCfg = Debug|Any CPU
		{2B3C853B-4DD5-4A91-B77C-E74CD9011318}.Debug|Any CPU.Build.0 = Debug|Any CPU
		{2B3C853B-4DD5-4A91-B77C-E74CD9011318}.Release|Any CPU.ActiveCfg = Release|Any CPU
		{2B3C853B-4DD5-4A91-B77C-E74CD9011318}.Release|Any CPU.Build.0 = Release|Any CPU
		{5464C72A-3C66-4E74-B248-A602E7961A55}.Debug|Any CPU.ActiveCfg = Debug|Any CPU
		{5464C72A-3C66-4E74-B248-A602E7961A55}.Debug|Any CPU.Build.0 = Debug|Any CPU
		{5464C72A-3C66-4E74-B248-A602E7961A55}.Release|Any CPU.ActiveCfg = Release|Any CPU
		{5464C72A-3C66-4E74-B248-A602E7961A55}.Release|Any CPU.Build.0 = Release|Any CPU
		{56282523-2906-F228-E933-DB93FF103F71}.Debug|Any CPU.ActiveCfg = Debug|Any CPU
		{56282523-2906-F228-E933-DB93FF103F71}.Debug|Any CPU.Build.0 = Debug|Any CPU
		{56282523-2906-F228-E933-DB93FF103F71}.Release|Any CPU.ActiveCfg = Release|Any CPU
		{56282523-2906-F228-E933-DB93FF103F71}.Release|Any CPU.Build.0 = Release|Any CPU
		{F8745520-1C68-4582-B924-A2270734C7DF}.Debug|Any CPU.ActiveCfg = Debug|Any CPU
		{F8745520-1C68-4582-B924-A2270734C7DF}.Debug|Any CPU.Build.0 = Debug|Any CPU
		{F8745520-1C68-4582-B924-A2270734C7DF}.Release|Any CPU.ActiveCfg = Release|Any CPU
		{F8745520-1C68-4582-B924-A2270734C7DF}.Release|Any CPU.Build.0 = Release|Any CPU
	EndGlobalSection
	GlobalSection(SolutionProperties) = preSolution
		HideSolutionNode = FALSE
	EndGlobalSection
	GlobalSection(NestedProjects) = preSolution
		{AE198DC2-F387-403D-863C-8D8771EA7777} = {929941C4-D08B-44DA-BA52-7772908F0920}
		{AD5DA513-BB55-4C16-B6CB-033A3C8B8570} = {57C0724C-157F-4148-B66D-36D346A824C7}
		{FE6343A0-89F6-4E28-AB28-8FD2AC547124} = {57C0724C-157F-4148-B66D-36D346A824C7}
		{8EE05341-377E-4839-9726-BBA4FC3F0512} = {F03ABB75-61A3-47AE-AEC9-889DFE4D8334}
		{E6B02F02-6E34-401A-B928-AB9EA2C12805} = {18405AA7-7BF0-462A-8272-C4B541A306EA}
		{4F4721DD-2D80-41A8-B62C-A1E6210C0D85} = {18405AA7-7BF0-462A-8272-C4B541A306EA}
		{AB11506B-7BA3-4D04-92D6-E93EFD9452F6} = {C637F02C-4481-46AB-BB38-66CC29EC621A}
		{A19B0982-35C1-40BC-8CA0-5B4EE3C7991B} = {C637F02C-4481-46AB-BB38-66CC29EC621A}
		{6005A5C5-E7F7-4419-84BA-97DB8A0F7003} = {C637F02C-4481-46AB-BB38-66CC29EC621A}
		{79E0AA48-26B7-43DF-842C-7E95CF6B8961} = {6CD26745-BF56-4616-9B0C-532CAF92FCEE}
		{2B3C853B-4DD5-4A91-B77C-E74CD9011318} = {6CD26745-BF56-4616-9B0C-532CAF92FCEE}
		{5464C72A-3C66-4E74-B248-A602E7961A55} = {6CD26745-BF56-4616-9B0C-532CAF92FCEE}
		{56282523-2906-F228-E933-DB93FF103F71} = {C637F02C-4481-46AB-BB38-66CC29EC621A}
	EndGlobalSection
	GlobalSection(ExtensibilityGlobals) = postSolution
		SolutionGuid = {9A5A1CB7-359D-4F9A-BFE9-F7A674BEA958}
	EndGlobalSection
EndGlobal
