
Microsoft Visual Studio Solution File, Format Version 12.00
# Visual Studio 15
VisualStudioVersion = 15.0.28307.489
MinimumVisualStudioVersion = 10.0.40219.1
Project("{FAE04EC0-301F-11D3-BF4B-00C04F79EFBC}") = "03_FaceDetection", "03_FaceDetection.csproj", "{8E2031D4-8B26-4ECD-B476-BD3EEA1F2073}"
EndProject
Global
	GlobalSection(SolutionConfigurationPlatforms) = preSolution
		Debug|Any CPU = Debug|Any CPU
		Release|Any CPU = Release|Any CPU
	EndGlobalSection
	GlobalSection(ProjectConfigurationPlatforms) = postSolution
		{8E2031D4-8B26-4ECD-B476-BD3EEA1F2073}.Debug|Any CPU.ActiveCfg = Debug|Any CPU
		{8E2031D4-8B26-4ECD-B476-BD3EEA1F2073}.Debug|Any CPU.Build.0 = Debug|Any CPU
		{8E2031D4-8B26-4ECD-B476-BD3EEA1F2073}.Release|Any CPU.ActiveCfg = Release|Any CPU
		{8E2031D4-8B26-4ECD-B476-BD3EEA1F2073}.Release|Any CPU.Build.0 = Release|Any CPU
	EndGlobalSection
	GlobalSection(SolutionProperties) = preSolution
		HideSolutionNode = FALSE
	EndGlobalSection
	GlobalSection(ExtensibilityGlobals) = postSolution
		SolutionGuid = {E8F8D3CB-6EC0-4ECB-A1A2-F2BEEFEEA79B}
	EndGlobalSection
EndGlobal
