
Microsoft Visual Studio Solution File, Format Version 12.00
# Visual Studio 15
VisualStudioVersion = 15.0.28307.489
MinimumVisualStudioVersion = 10.0.40219.1
Project("{FAE04EC0-301F-11D3-BF4B-00C04F79EFBC}") = "01_ImageObjectsAnalysis", "01_ImageObjectsAnalysis.csproj", "{554BE920-EAB8-41C7-B292-263B7C012210}"
EndProject
Global
	GlobalSection(SolutionConfigurationPlatforms) = preSolution
		Debug|Any CPU = Debug|Any CPU
		Release|Any CPU = Release|Any CPU
	EndGlobalSection
	GlobalSection(ProjectConfigurationPlatforms) = postSolution
		{554BE920-EAB8-41C7-B292-263B7C012210}.Debug|Any CPU.ActiveCfg = Debug|Any CPU
		{554BE920-EAB8-41C7-B292-263B7C012210}.Debug|Any CPU.Build.0 = Debug|Any CPU
		{554BE920-EAB8-41C7-B292-263B7C012210}.Release|Any CPU.ActiveCfg = Release|Any CPU
		{554BE920-EAB8-41C7-B292-263B7C012210}.Release|Any CPU.Build.0 = Release|Any CPU
	EndGlobalSection
	GlobalSection(SolutionProperties) = preSolution
		HideSolutionNode = FALSE
	EndGlobalSection
	GlobalSection(ExtensibilityGlobals) = postSolution
		SolutionGuid = {3470985C-BE55-4194-960B-D6DABB1C8CD0}
	EndGlobalSection
EndGlobal
