
Microsoft Visual Studio Solution File, Format Version 12.00
# Visual Studio 15
VisualStudioVersion = 15.0.28307.489
MinimumVisualStudioVersion = 10.0.40219.1
Project("{FAE04EC0-301F-11D3-BF4B-00C04F79EFBC}") = "02_OCR", "02_OCR.csproj", "{64B6B29C-0AF1-42D4-A24A-56FA3D10BBDD}"
EndProject
Global
	GlobalSection(SolutionConfigurationPlatforms) = preSolution
		Debug|Any CPU = Debug|Any CPU
		Release|Any CPU = Release|Any CPU
	EndGlobalSection
	GlobalSection(ProjectConfigurationPlatforms) = postSolution
		{64B6B29C-0AF1-42D4-A24A-56FA3D10BBDD}.Debug|Any CPU.ActiveCfg = Debug|Any CPU
		{64B6B29C-0AF1-42D4-A24A-56FA3D10BBDD}.Debug|Any CPU.Build.0 = Debug|Any CPU
		{64B6B29C-0AF1-42D4-A24A-56FA3D10BBDD}.Release|Any CPU.ActiveCfg = Release|Any CPU
		{64B6B29C-0AF1-42D4-A24A-56FA3D10BBDD}.Release|Any CPU.Build.0 = Release|Any CPU
	EndGlobalSection
	GlobalSection(SolutionProperties) = preSolution
		HideSolutionNode = FALSE
	EndGlobalSection
	GlobalSection(ExtensibilityGlobals) = postSolution
		SolutionGuid = {0281B9FF-6420-41E7-9F0A-F4898C32E26B}
	EndGlobalSection
EndGlobal
